
Microsoft Visual Studio Solution File, Format Version 12.00
# Visual Studio Version 17
VisualStudioVersion = 17.1.32414.318
MinimumVisualStudioVersion = 10.0.40219.1
Project("{FAE04EC0-301F-11D3-BF4B-00C04F79EFBC}") = "PokerHands", "PokerHands\PokerHands.csproj", "{AB97EEAD-BC6E-4F76-975D-229C54549009}"
EndProject
Project("{FAE04EC0-301F-11D3-BF4B-00C04F79EFBC}") = "PokerHands.Tests", "PokerHands.Tests\PokerHands.Tests.csproj", "{84660876-6FE7-418E-AB13-6481BE236CF1}"
EndProject
Global
	GlobalSection(SolutionConfigurationPlatforms) = preSolution
		Debug|Any CPU = Debug|Any CPU
		Release|Any CPU = Release|Any CPU
	EndGlobalSection
	GlobalSection(ProjectConfigurationPlatforms) = postSolution
		{AB97EEAD-BC6E-4F76-975D-229C54549009}.Debug|Any CPU.ActiveCfg = Debug|Any CPU
		{AB97EEAD-BC6E-4F76-975D-229C54549009}.Debug|Any CPU.Build.0 = Debug|Any CPU
		{AB97EEAD-BC6E-4F76-975D-229C54549009}.Release|Any CPU.ActiveCfg = Release|Any CPU
		{AB97EEAD-BC6E-4F76-975D-229C54549009}.Release|Any CPU.Build.0 = Release|Any CPU
		{84660876-6FE7-418E-AB13-6481BE236CF1}.Debug|Any CPU.ActiveCfg = Debug|Any CPU
		{84660876-6FE7-418E-AB13-6481BE236CF1}.Debug|Any CPU.Build.0 = Debug|Any CPU
		{84660876-6FE7-418E-AB13-6481BE236CF1}.Release|Any CPU.ActiveCfg = Release|Any CPU
		{84660876-6FE7-418E-AB13-6481BE236CF1}.Release|Any CPU.Build.0 = Release|Any CPU
	EndGlobalSection
	GlobalSection(SolutionProperties) = preSolution
		HideSolutionNode = FALSE
	EndGlobalSection
	GlobalSection(ExtensibilityGlobals) = postSolution
		SolutionGuid = {619D02C3-AE68-4EB0-BE9F-C86A8606EDFA}
	EndGlobalSection
EndGlobal
